<?xml version="1.0" encoding="utf-8"?>
<Project ToolsVersion="4.0" xmlns="http://schemas.microsoft.com/developer/msbuild/2003">
  <ItemGroup>
    <Filter Include="Source Files">
      <UniqueIdentifier>{4FC737F1-C7A5-4376-A066-2A32D752A2FF}</UniqueIdentifier>
      <Extensions>cpp;c;cc;cxx;c++;cppm;ixx;def;odl;idl;hpj;bat;asm;asmx</Extensions>
    </Filter>
  </ItemGroup>
  <ItemGroup>
    <ClCompile Include="Answer.cpp">
      <Filter>Source Files</Filter>
    </ClCompile>
  </ItemGroup>
  <ItemGroup>
    <ClInclude Include="13.h">
      <Filter>Source Files</Filter>
    </ClInclude>
    <ClInclude Include="234.h">
      <Filter>Source Files</Filter>
    </ClInclude>
    <ClInclude Include="383.h">
      <Filter>Source Files</Filter>
    </ClInclude>
    <ClInclude Include="412.h">
      <Filter>Source Files</Filter>
    </ClInclude>
    <ClInclude Include="876.h">
      <Filter>Source Files</Filter>
    </ClInclude>
    <ClInclude Include="1337.h">
      <Filter>Source Files</Filter>
    </ClInclude>
    <ClInclude Include="1342.h">
      <Filter>Source Files</Filter>
    </ClInclude>
    <ClInclude Include="1672.h">
      <Filter>Source Files</Filter>
    </ClInclude>
    <ClInclude Include="DataStructure.h">
      <Filter>Source Files</Filter>
    </ClInclude>
    <ClInclude Include="1.h">
      <Filter>Source Files</Filter>
    </ClInclude>
    <ClInclude Include="2.h">
      <Filter>Source Files</Filter>
    </ClInclude>
    <ClInclude Include="3.h">
      <Filter>Source Files</Filter>
    </ClInclude>
    <ClInclude Include="7.h">
      <Filter>Source Files</Filter>
    </ClInclude>
    <ClInclude Include="8.h">
      <Filter>Source Files</Filter>
    </ClInclude>
  </ItemGroup>
</Project>