<?xml version="1.0" encoding="utf-8"?>
<Project ToolsVersion="4.0" xmlns="http://schemas.microsoft.com/developer/msbuild/2003">
  <ItemGroup>
    <Filter Include="Source Files">
      <UniqueIdentifier>{4FC737F1-C7A5-4376-A066-2A32D752A2FF}</UniqueIdentifier>
      <Extensions>cpp;c;cc;cxx;c++;cppm;ixx;def;odl;idl;hpj;bat;asm;asmx</Extensions>
    </Filter>
  </ItemGroup>
  <ItemGroup>
    <ClCompile Include="Answer.cpp">
      <Filter>Source Files</Filter>
    </ClCompile>
  </ItemGroup>
  <ItemGroup>
    <ClInclude Include="13-roman-to-integer.h">
      <Filter>Source Files</Filter>
    </ClInclude>
    <ClInclude Include="234-palindrome-linked-list.h">
      <Filter>Source Files</Filter>
    </ClInclude>
    <ClInclude Include="383-ransom-note.h">
      <Filter>Source Files</Filter>
    </ClInclude>
    <ClInclude Include="412-fizz-buzz.h">
      <Filter>Source Files</Filter>
    </ClInclude>
    <ClInclude Include="876-middle-of-the-linked-list.h">
      <Filter>Source Files</Filter>
    </ClInclude>
    <ClInclude Include="1337-the-k-weakest-rows-in-a-matrix.h">
      <Filter>Source Files</Filter>
    </ClInclude>
    <ClInclude Include="1342-number-of-steps-to-reduce-a-number-to-zero.h">
      <Filter>Source Files</Filter>
    </ClInclude>
    <ClInclude Include="1672-richest-customer-wealth.h">
      <Filter>Source Files</Filter>
    </ClInclude>
    <ClInclude Include="DataStructure.h">
      <Filter>Source Files</Filter>
    </ClInclude>
    <ClInclude Include="1-two-sum.h">
      <Filter>Source Files</Filter>
    </ClInclude>
    <ClInclude Include="2-add-two-numbers.h">
      <Filter>Source Files</Filter>
    </ClInclude>
    <ClInclude Include="3-longest-substring-without-repeating-characters.h">
      <Filter>Source Files</Filter>
    </ClInclude>
    <ClInclude Include="7-reverse-integer.h">
      <Filter>Source Files</Filter>
    </ClInclude>
    <ClInclude Include="8-string-to-integer-atoi.h">
      <Filter>Source Files</Filter>
    </ClInclude>
    <ClInclude Include="14-longest-common-prefix.h">
      <Filter>Source Files</Filter>
    </ClInclude>
    <ClInclude Include="20-valid-parentheses.h">
      <Filter>Source Files</Filter>
    </ClInclude>
    <ClInclude Include="21-merge-two-sorted-lists.h">
      <Filter>Source Files</Filter>
    </ClInclude>
    <ClInclude Include="26-remove-duplicates-from-sorted-array.h">
      <Filter>Source Files</Filter>
    </ClInclude>
    <ClInclude Include="66-plus-one.h">
      <Filter>Source Files</Filter>
    </ClInclude>
    <ClInclude Include="69-sqrtx.h">
      <Filter>Source Files</Filter>
    </ClInclude>
    <ClInclude Include="70-climbing-stairs.h">
      <Filter>Source Files</Filter>
    </ClInclude>
    <ClInclude Include="88-merge-sorted-array.h">
      <Filter>Source Files</Filter>
    </ClInclude>
    <ClInclude Include="94-binary-tree-inorder-traversal.h">
      <Filter>Source Files</Filter>
    </ClInclude>
    <ClInclude Include="101-symmetric-tree.h">
      <Filter>Source Files</Filter>
    </ClInclude>
    <ClInclude Include="104-maximum-depth-of-binary-tree.h">
      <Filter>Source Files</Filter>
    </ClInclude>
    <ClInclude Include="108-convert-sorted-array-to-binary-search-tree.h">
      <Filter>Source Files</Filter>
    </ClInclude>
    <ClInclude Include="118-pascals-triangle.h">
      <Filter>Source Files</Filter>
    </ClInclude>
    <ClInclude Include="121-best-time-to-buy-and-sell-stock.h">
      <Filter>Source Files</Filter>
    </ClInclude>
    <ClInclude Include="125-valid-palindrome.h">
      <Filter>Source Files</Filter>
    </ClInclude>
    <ClInclude Include="136-single-number.h">
      <Filter>Source Files</Filter>
    </ClInclude>
    <ClInclude Include="141-linked-list-cycle.h">
      <Filter>Source Files</Filter>
    </ClInclude>
    <ClInclude Include="160-intersection-of-two-linked-lists.h">
      <Filter>Source Files</Filter>
    </ClInclude>
  </ItemGroup>
</Project>